
Microsoft Visual Studio Solution File, Format Version 10.00
# Visual Studio 2008
Project("{FAE04EC0-301F-11D3-BF4B-00C04F79EFBC}") = "PCG", "PCG\PCG.csproj", "{E0C446E0-7934-47AD-BA7A-F174CCE163FE}"
EndProject
Project("{FAE04EC0-301F-11D3-BF4B-00C04F79EFBC}") = "PMC", "PMC\PMC.csproj", "{0ED2CE46-6202-42E6-ACAA-E2D4CF70BE4C}"
EndProject
Project("{FAE04EC0-301F-11D3-BF4B-00C04F79EFBC}") = "Pigmeo.Compiler", "Pigmeo.Compiler\Pigmeo.Compiler.csproj", "{181B218F-B588-41B8-AD0C-BA231A859272}"
EndProject
Project("{FAE04EC0-301F-11D3-BF4B-00C04F79EFBC}") = "Pigmeo.Framework", "Pigmeo.Framework\Pigmeo.Framework.csproj", "{7CB7DBC3-3007-422C-827F-E116A9CCD64D}"
EndProject
Project("{FAE04EC0-301F-11D3-BF4B-00C04F79EFBC}") = "Pigmeo.MCU", "Pigmeo.MCU\Pigmeo.MCU.csproj", "{0D273B69-2D6F-4ED7-B709-E6BCFB16FCDA}"
EndProject
Project("{FAE04EC0-301F-11D3-BF4B-00C04F79EFBC}") = "Pigmeo.Devices", "Pigmeo.Devices\Pigmeo.Devices.csproj", "{4E0B9549-78F6-47C1-84D7-68F314CD796D}"
EndProject
Project("{FAE04EC0-301F-11D3-BF4B-00C04F79EFBC}") = "Pigmeo.PC", "Pigmeo.PC\Pigmeo.PC.csproj", "{016FEBF6-9D0E-4720-8A36-BA410F451692}"
EndProject
Project("{FAE04EC0-301F-11D3-BF4B-00C04F79EFBC}") = "PLPTC-WinForms", "PLPTC-WinForms\PLPTC-WinForms.csproj", "{A7247902-EAAB-4AEE-945E-8CC9FC2B14C7}"
EndProject
Project("{FAE04EC0-301F-11D3-BF4B-00C04F79EFBC}") = "PSPC-WinForms", "PSPC-WinForms\PSPC-WinForms.csproj", "{5759207A-C3ED-49DB-9489-AA4385424FCE}"
EndProject
Project("{2150E333-8FDC-42A3-9474-1A3956D46DE8}") = "Devices", "Devices", "{029480A3-158A-49F3-A373-A1CD10C3FAFE}"
EndProject
Project("{FAE04EC0-301F-11D3-BF4B-00C04F79EFBC}") = "PIC16F59", "Devices\PIC16F59\PIC16F59.csproj", "{F16921F7-412B-482C-AE96-7B12E767C489}"
EndProject
Project("{FAE04EC0-301F-11D3-BF4B-00C04F79EFBC}") = "PIC16F716", "Devices\PIC16F716\PIC16F716.csproj", "{C1C1B74D-18E8-4A4D-98CD-DB32E74B2EF4}"
EndProject
Project("{FAE04EC0-301F-11D3-BF4B-00C04F79EFBC}") = "PIC16F722", "Devices\PIC16F722\PIC16F722.csproj", "{ACFB17C7-A090-4DD5-B1AB-C131B5BF9649}"
EndProject
Project("{FAE04EC0-301F-11D3-BF4B-00C04F79EFBC}") = "PIC16F887", "Devices\PIC16F887\PIC16F887.csproj", "{D4B4F2EB-60C0-4BA0-9DF5-8F27DF69A566}"
EndProject
Global
	GlobalSection(SolutionConfigurationPlatforms) = preSolution
		Debug|Any CPU = Debug|Any CPU
		Debug|Mixed Platforms = Debug|Mixed Platforms
		Debug|Win32 = Debug|Win32
		Release|Any CPU = Release|Any CPU
		Release|Mixed Platforms = Release|Mixed Platforms
		Release|Win32 = Release|Win32
	EndGlobalSection
	GlobalSection(ProjectConfigurationPlatforms) = postSolution
		{E0C446E0-7934-47AD-BA7A-F174CCE163FE}.Debug|Any CPU.ActiveCfg = Release|Any CPU
		{E0C446E0-7934-47AD-BA7A-F174CCE163FE}.Debug|Any CPU.Build.0 = Release|Any CPU
		{E0C446E0-7934-47AD-BA7A-F174CCE163FE}.Debug|Mixed Platforms.ActiveCfg = Release|Any CPU
		{E0C446E0-7934-47AD-BA7A-F174CCE163FE}.Debug|Mixed Platforms.Build.0 = Release|Any CPU
		{E0C446E0-7934-47AD-BA7A-F174CCE163FE}.Debug|Win32.ActiveCfg = Release|Any CPU
		{E0C446E0-7934-47AD-BA7A-F174CCE163FE}.Release|Any CPU.ActiveCfg = Release|Any CPU
		{E0C446E0-7934-47AD-BA7A-F174CCE163FE}.Release|Any CPU.Build.0 = Release|Any CPU
		{E0C446E0-7934-47AD-BA7A-F174CCE163FE}.Release|Mixed Platforms.ActiveCfg = Release|Any CPU
		{E0C446E0-7934-47AD-BA7A-F174CCE163FE}.Release|Mixed Platforms.Build.0 = Release|Any CPU
		{E0C446E0-7934-47AD-BA7A-F174CCE163FE}.Release|Win32.ActiveCfg = Release|Any CPU
		{0ED2CE46-6202-42E6-ACAA-E2D4CF70BE4C}.Debug|Any CPU.ActiveCfg = Release|Any CPU
		{0ED2CE46-6202-42E6-ACAA-E2D4CF70BE4C}.Debug|Mixed Platforms.ActiveCfg = Release|Any CPU
		{0ED2CE46-6202-42E6-ACAA-E2D4CF70BE4C}.Debug|Win32.ActiveCfg = Release|Any CPU
		{0ED2CE46-6202-42E6-ACAA-E2D4CF70BE4C}.Release|Any CPU.ActiveCfg = Release|Any CPU
		{0ED2CE46-6202-42E6-ACAA-E2D4CF70BE4C}.Release|Mixed Platforms.ActiveCfg = Release|Any CPU
		{0ED2CE46-6202-42E6-ACAA-E2D4CF70BE4C}.Release|Mixed Platforms.Build.0 = Release|Any CPU
		{0ED2CE46-6202-42E6-ACAA-E2D4CF70BE4C}.Release|Win32.ActiveCfg = Release|Any CPU
		{181B218F-B588-41B8-AD0C-BA231A859272}.Debug|Any CPU.ActiveCfg = Release|Any CPU
		{181B218F-B588-41B8-AD0C-BA231A859272}.Debug|Any CPU.Build.0 = Release|Any CPU
		{181B218F-B588-41B8-AD0C-BA231A859272}.Debug|Mixed Platforms.ActiveCfg = Release|Any CPU
		{181B218F-B588-41B8-AD0C-BA231A859272}.Debug|Mixed Platforms.Build.0 = Release|Any CPU
		{181B218F-B588-41B8-AD0C-BA231A859272}.Debug|Win32.ActiveCfg = Release|Any CPU
		{181B218F-B588-41B8-AD0C-BA231A859272}.Release|Any CPU.ActiveCfg = Release|Any CPU
		{181B218F-B588-41B8-AD0C-BA231A859272}.Release|Any CPU.Build.0 = Release|Any CPU
		{181B218F-B588-41B8-AD0C-BA231A859272}.Release|Mixed Platforms.ActiveCfg = Release|Any CPU
		{181B218F-B588-41B8-AD0C-BA231A859272}.Release|Mixed Platforms.Build.0 = Release|Any CPU
		{181B218F-B588-41B8-AD0C-BA231A859272}.Release|Win32.ActiveCfg = Release|Any CPU
		{7CB7DBC3-3007-422C-827F-E116A9CCD64D}.Debug|Any CPU.ActiveCfg = Release|Any CPU
		{7CB7DBC3-3007-422C-827F-E116A9CCD64D}.Debug|Any CPU.Build.0 = Release|Any CPU
		{7CB7DBC3-3007-422C-827F-E116A9CCD64D}.Debug|Mixed Platforms.ActiveCfg = Release|Any CPU
		{7CB7DBC3-3007-422C-827F-E116A9CCD64D}.Debug|Mixed Platforms.Build.0 = Release|Any CPU
		{7CB7DBC3-3007-422C-827F-E116A9CCD64D}.Debug|Win32.ActiveCfg = Release|Any CPU
		{7CB7DBC3-3007-422C-827F-E116A9CCD64D}.Release|Any CPU.ActiveCfg = Release|Any CPU
		{7CB7DBC3-3007-422C-827F-E116A9CCD64D}.Release|Any CPU.Build.0 = Release|Any CPU
		{7CB7DBC3-3007-422C-827F-E116A9CCD64D}.Release|Mixed Platforms.ActiveCfg = Release|Any CPU
		{7CB7DBC3-3007-422C-827F-E116A9CCD64D}.Release|Mixed Platforms.Build.0 = Release|Any CPU
		{7CB7DBC3-3007-422C-827F-E116A9CCD64D}.Release|Win32.ActiveCfg = Release|Any CPU
		{0D273B69-2D6F-4ED7-B709-E6BCFB16FCDA}.Debug|Any CPU.ActiveCfg = Release|Any CPU
		{0D273B69-2D6F-4ED7-B709-E6BCFB16FCDA}.Debug|Any CPU.Build.0 = Release|Any CPU
		{0D273B69-2D6F-4ED7-B709-E6BCFB16FCDA}.Debug|Mixed Platforms.ActiveCfg = Debug|Any CPU
		{0D273B69-2D6F-4ED7-B709-E6BCFB16FCDA}.Debug|Mixed Platforms.Build.0 = Debug|Any CPU
		{0D273B69-2D6F-4ED7-B709-E6BCFB16FCDA}.Debug|Win32.ActiveCfg = Debug|Any CPU
		{0D273B69-2D6F-4ED7-B709-E6BCFB16FCDA}.Release|Any CPU.ActiveCfg = Release|Any CPU
		{0D273B69-2D6F-4ED7-B709-E6BCFB16FCDA}.Release|Any CPU.Build.0 = Release|Any CPU
		{0D273B69-2D6F-4ED7-B709-E6BCFB16FCDA}.Release|Mixed Platforms.ActiveCfg = Release|Any CPU
		{0D273B69-2D6F-4ED7-B709-E6BCFB16FCDA}.Release|Mixed Platforms.Build.0 = Release|Any CPU
		{0D273B69-2D6F-4ED7-B709-E6BCFB16FCDA}.Release|Win32.ActiveCfg = Release|Any CPU
		{4E0B9549-78F6-47C1-84D7-68F314CD796D}.Debug|Any CPU.ActiveCfg = Release|Any CPU
		{4E0B9549-78F6-47C1-84D7-68F314CD796D}.Debug|Mixed Platforms.ActiveCfg = Debug|Any CPU
		{4E0B9549-78F6-47C1-84D7-68F314CD796D}.Debug|Win32.ActiveCfg = Debug|Any CPU
		{4E0B9549-78F6-47C1-84D7-68F314CD796D}.Release|Any CPU.ActiveCfg = Release|Any CPU
		{4E0B9549-78F6-47C1-84D7-68F314CD796D}.Release|Mixed Platforms.ActiveCfg = Release|Any CPU
		{4E0B9549-78F6-47C1-84D7-68F314CD796D}.Release|Mixed Platforms.Build.0 = Release|Any CPU
		{4E0B9549-78F6-47C1-84D7-68F314CD796D}.Release|Win32.ActiveCfg = Release|Any CPU
		{016FEBF6-9D0E-4720-8A36-BA410F451692}.Debug|Any CPU.ActiveCfg = Release|Any CPU
		{016FEBF6-9D0E-4720-8A36-BA410F451692}.Debug|Any CPU.Build.0 = Release|Any CPU
		{016FEBF6-9D0E-4720-8A36-BA410F451692}.Debug|Mixed Platforms.ActiveCfg = Debug|Any CPU
		{016FEBF6-9D0E-4720-8A36-BA410F451692}.Debug|Mixed Platforms.Build.0 = Debug|Any CPU
		{016FEBF6-9D0E-4720-8A36-BA410F451692}.Debug|Win32.ActiveCfg = Debug|Any CPU
		{016FEBF6-9D0E-4720-8A36-BA410F451692}.Release|Any CPU.ActiveCfg = Release|Any CPU
		{016FEBF6-9D0E-4720-8A36-BA410F451692}.Release|Any CPU.Build.0 = Release|Any CPU
		{016FEBF6-9D0E-4720-8A36-BA410F451692}.Release|Mixed Platforms.ActiveCfg = Release|Any CPU
		{016FEBF6-9D0E-4720-8A36-BA410F451692}.Release|Mixed Platforms.Build.0 = Release|Any CPU
		{016FEBF6-9D0E-4720-8A36-BA410F451692}.Release|Win32.ActiveCfg = Release|Any CPU
		{A7247902-EAAB-4AEE-945E-8CC9FC2B14C7}.Debug|Any CPU.ActiveCfg = Release|Any CPU
		{A7247902-EAAB-4AEE-945E-8CC9FC2B14C7}.Debug|Any CPU.Build.0 = Release|Any CPU
		{A7247902-EAAB-4AEE-945E-8CC9FC2B14C7}.Debug|Mixed Platforms.ActiveCfg = Debug|Any CPU
		{A7247902-EAAB-4AEE-945E-8CC9FC2B14C7}.Debug|Mixed Platforms.Build.0 = Debug|Any CPU
		{A7247902-EAAB-4AEE-945E-8CC9FC2B14C7}.Debug|Win32.ActiveCfg = Debug|Any CPU
		{A7247902-EAAB-4AEE-945E-8CC9FC2B14C7}.Release|Any CPU.ActiveCfg = Release|Any CPU
		{A7247902-EAAB-4AEE-945E-8CC9FC2B14C7}.Release|Any CPU.Build.0 = Release|Any CPU
		{A7247902-EAAB-4AEE-945E-8CC9FC2B14C7}.Release|Mixed Platforms.ActiveCfg = Release|Any CPU
		{A7247902-EAAB-4AEE-945E-8CC9FC2B14C7}.Release|Mixed Platforms.Build.0 = Release|Any CPU
		{A7247902-EAAB-4AEE-945E-8CC9FC2B14C7}.Release|Win32.ActiveCfg = Release|Any CPU
		{5759207A-C3ED-49DB-9489-AA4385424FCE}.Debug|Any CPU.ActiveCfg = Release|Any CPU
		{5759207A-C3ED-49DB-9489-AA4385424FCE}.Debug|Any CPU.Build.0 = Release|Any CPU
		{5759207A-C3ED-49DB-9489-AA4385424FCE}.Debug|Mixed Platforms.ActiveCfg = Debug|Any CPU
		{5759207A-C3ED-49DB-9489-AA4385424FCE}.Debug|Mixed Platforms.Build.0 = Debug|Any CPU
		{5759207A-C3ED-49DB-9489-AA4385424FCE}.Debug|Win32.ActiveCfg = Debug|Any CPU
		{5759207A-C3ED-49DB-9489-AA4385424FCE}.Release|Any CPU.ActiveCfg = Release|Any CPU
		{5759207A-C3ED-49DB-9489-AA4385424FCE}.Release|Any CPU.Build.0 = Release|Any CPU
		{5759207A-C3ED-49DB-9489-AA4385424FCE}.Release|Mixed Platforms.ActiveCfg = Release|Any CPU
		{5759207A-C3ED-49DB-9489-AA4385424FCE}.Release|Mixed Platforms.Build.0 = Release|Any CPU
		{5759207A-C3ED-49DB-9489-AA4385424FCE}.Release|Win32.ActiveCfg = Release|Any CPU
		{F16921F7-412B-482C-AE96-7B12E767C489}.Debug|Any CPU.ActiveCfg = Release|Any CPU
		{F16921F7-412B-482C-AE96-7B12E767C489}.Debug|Any CPU.Build.0 = Release|Any CPU
		{F16921F7-412B-482C-AE96-7B12E767C489}.Debug|Mixed Platforms.ActiveCfg = Debug|Any CPU
		{F16921F7-412B-482C-AE96-7B12E767C489}.Debug|Mixed Platforms.Build.0 = Debug|Any CPU
		{F16921F7-412B-482C-AE96-7B12E767C489}.Debug|Win32.ActiveCfg = Debug|Any CPU
		{F16921F7-412B-482C-AE96-7B12E767C489}.Release|Any CPU.ActiveCfg = Release|Any CPU
		{F16921F7-412B-482C-AE96-7B12E767C489}.Release|Any CPU.Build.0 = Release|Any CPU
		{F16921F7-412B-482C-AE96-7B12E767C489}.Release|Mixed Platforms.ActiveCfg = Release|Any CPU
		{F16921F7-412B-482C-AE96-7B12E767C489}.Release|Mixed Platforms.Build.0 = Release|Any CPU
		{F16921F7-412B-482C-AE96-7B12E767C489}.Release|Win32.ActiveCfg = Release|Any CPU
		{C1C1B74D-18E8-4A4D-98CD-DB32E74B2EF4}.Debug|Any CPU.ActiveCfg = Release|Any CPU
		{C1C1B74D-18E8-4A4D-98CD-DB32E74B2EF4}.Debug|Any CPU.Build.0 = Release|Any CPU
		{C1C1B74D-18E8-4A4D-98CD-DB32E74B2EF4}.Debug|Mixed Platforms.ActiveCfg = Debug|Any CPU
		{C1C1B74D-18E8-4A4D-98CD-DB32E74B2EF4}.Debug|Mixed Platforms.Build.0 = Debug|Any CPU
		{C1C1B74D-18E8-4A4D-98CD-DB32E74B2EF4}.Debug|Win32.ActiveCfg = Debug|Any CPU
		{C1C1B74D-18E8-4A4D-98CD-DB32E74B2EF4}.Release|Any CPU.ActiveCfg = Release|Any CPU
		{C1C1B74D-18E8-4A4D-98CD-DB32E74B2EF4}.Release|Any CPU.Build.0 = Release|Any CPU
		{C1C1B74D-18E8-4A4D-98CD-DB32E74B2EF4}.Release|Mixed Platforms.ActiveCfg = Release|Any CPU
		{C1C1B74D-18E8-4A4D-98CD-DB32E74B2EF4}.Release|Mixed Platforms.Build.0 = Release|Any CPU
		{C1C1B74D-18E8-4A4D-98CD-DB32E74B2EF4}.Release|Win32.ActiveCfg = Release|Any CPU
		{ACFB17C7-A090-4DD5-B1AB-C131B5BF9649}.Debug|Any CPU.ActiveCfg = Release|Any CPU
		{ACFB17C7-A090-4DD5-B1AB-C131B5BF9649}.Debug|Any CPU.Build.0 = Release|Any CPU
		{ACFB17C7-A090-4DD5-B1AB-C131B5BF9649}.Debug|Mixed Platforms.ActiveCfg = Debug|Any CPU
		{ACFB17C7-A090-4DD5-B1AB-C131B5BF9649}.Debug|Mixed Platforms.Build.0 = Debug|Any CPU
		{ACFB17C7-A090-4DD5-B1AB-C131B5BF9649}.Debug|Win32.ActiveCfg = Debug|Any CPU
		{ACFB17C7-A090-4DD5-B1AB-C131B5BF9649}.Release|Any CPU.ActiveCfg = Release|Any CPU
		{ACFB17C7-A090-4DD5-B1AB-C131B5BF9649}.Release|Any CPU.Build.0 = Release|Any CPU
		{ACFB17C7-A090-4DD5-B1AB-C131B5BF9649}.Release|Mixed Platforms.ActiveCfg = Release|Any CPU
		{ACFB17C7-A090-4DD5-B1AB-C131B5BF9649}.Release|Mixed Platforms.Build.0 = Release|Any CPU
		{ACFB17C7-A090-4DD5-B1AB-C131B5BF9649}.Release|Win32.ActiveCfg = Release|Any CPU
		{D4B4F2EB-60C0-4BA0-9DF5-8F27DF69A566}.Debug|Any CPU.ActiveCfg = Release|Any CPU
		{D4B4F2EB-60C0-4BA0-9DF5-8F27DF69A566}.Debug|Any CPU.Build.0 = Release|Any CPU
		{D4B4F2EB-60C0-4BA0-9DF5-8F27DF69A566}.Debug|Mixed Platforms.ActiveCfg = Debug|Any CPU
		{D4B4F2EB-60C0-4BA0-9DF5-8F27DF69A566}.Debug|Mixed Platforms.Build.0 = Debug|Any CPU
		{D4B4F2EB-60C0-4BA0-9DF5-8F27DF69A566}.Debug|Win32.ActiveCfg = Debug|Any CPU
		{D4B4F2EB-60C0-4BA0-9DF5-8F27DF69A566}.Release|Any CPU.ActiveCfg = Release|Any CPU
		{D4B4F2EB-60C0-4BA0-9DF5-8F27DF69A566}.Release|Any CPU.Build.0 = Release|Any CPU
		{D4B4F2EB-60C0-4BA0-9DF5-8F27DF69A566}.Release|Mixed Platforms.ActiveCfg = Release|Any CPU
		{D4B4F2EB-60C0-4BA0-9DF5-8F27DF69A566}.Release|Mixed Platforms.Build.0 = Release|Any CPU
		{D4B4F2EB-60C0-4BA0-9DF5-8F27DF69A566}.Release|Win32.ActiveCfg = Release|Any CPU
	EndGlobalSection
	GlobalSection(SolutionProperties) = preSolution
		HideSolutionNode = FALSE
	EndGlobalSection
	GlobalSection(NestedProjects) = preSolution
		{F16921F7-412B-482C-AE96-7B12E767C489} = {029480A3-158A-49F3-A373-A1CD10C3FAFE}
		{C1C1B74D-18E8-4A4D-98CD-DB32E74B2EF4} = {029480A3-158A-49F3-A373-A1CD10C3FAFE}
		{ACFB17C7-A090-4DD5-B1AB-C131B5BF9649} = {029480A3-158A-49F3-A373-A1CD10C3FAFE}
		{D4B4F2EB-60C0-4BA0-9DF5-8F27DF69A566} = {029480A3-158A-49F3-A373-A1CD10C3FAFE}
	EndGlobalSection
EndGlobal
