
Microsoft Visual Studio Solution File, Format Version 10.00
# Visual Studio 2008
Project("{2150E333-8FDC-42A3-9474-1A3956D46DE8}") = "i18n", "i18n", "{C9B1F29C-E9AA-4AC3-AC3A-C5C6CF143E23}"
	ProjectSection(SolutionItems) = preProject
		i18n\pcg.en.lang = i18n\pcg.en.lang
		i18n\pigmeo-compiler.en.lang = i18n\pigmeo-compiler.en.lang
		i18n\pigmeo-compiler.es.lang = i18n\pigmeo-compiler.es.lang
		i18n\plptc-winforms.en.lang = i18n\plptc-winforms.en.lang
		i18n\pmc.en.lang = i18n\pmc.en.lang
		i18n\pmc.es.lang = i18n\pmc.es.lang
		i18n\pspc-winforms.en.lang = i18n\pspc-winforms.en.lang
	EndProjectSection
EndProject
Project("{2150E333-8FDC-42A3-9474-1A3956D46DE8}") = "Solution Items", "Solution Items", "{AC18AF07-CC19-4E1F-B3AD-DA423551600F}"
	ProjectSection(SolutionItems) = preProject
		default.build = default.build
	EndProjectSection
EndProject
Project("{FAE04EC0-301F-11D3-BF4B-00C04F79EFBC}") = "PCG", "PCG\PCG.csproj", "{E0C446E0-7934-47AD-BA7A-F174CCE163FE}"
EndProject
Project("{FAE04EC0-301F-11D3-BF4B-00C04F79EFBC}") = "PMC", "PMC\PMC.csproj", "{0ED2CE46-6202-42E6-ACAA-E2D4CF70BE4C}"
EndProject
Project("{FAE04EC0-301F-11D3-BF4B-00C04F79EFBC}") = "Pigmeo.Compiler", "Pigmeo.Compiler\Pigmeo.Compiler.csproj", "{181B218F-B588-41B8-AD0C-BA231A859272}"
EndProject
Project("{FAE04EC0-301F-11D3-BF4B-00C04F79EFBC}") = "Pigmeo.Framework", "Pigmeo.Framework\Pigmeo.Framework.csproj", "{7CB7DBC3-3007-422C-827F-E116A9CCD64D}"
EndProject
Project("{FAE04EC0-301F-11D3-BF4B-00C04F79EFBC}") = "Pigmeo.MCU", "Pigmeo.MCU\Pigmeo.MCU.csproj", "{0D273B69-2D6F-4ED7-B709-E6BCFB16FCDA}"
EndProject
Project("{FAE04EC0-301F-11D3-BF4B-00C04F79EFBC}") = "Pigmeo.Devices", "Pigmeo.Devices\Pigmeo.Devices.csproj", "{4E0B9549-78F6-47C1-84D7-68F314CD796D}"
EndProject
Project("{FAE04EC0-301F-11D3-BF4B-00C04F79EFBC}") = "Pigmeo.PC", "Pigmeo.PC\Pigmeo.PC.csproj", "{016FEBF6-9D0E-4720-8A36-BA410F451692}"
EndProject
Project("{FAE04EC0-301F-11D3-BF4B-00C04F79EFBC}") = "PLPTC-WinForms", "PLPTC-WinForms\PLPTC-WinForms.csproj", "{A7247902-EAAB-4AEE-945E-8CC9FC2B14C7}"
EndProject
Project("{FAE04EC0-301F-11D3-BF4B-00C04F79EFBC}") = "PSPC-WinForms", "PSPC-WinForms\PSPC-WinForms.csproj", "{5759207A-C3ED-49DB-9489-AA4385424FCE}"
EndProject
Global
	GlobalSection(SolutionConfigurationPlatforms) = preSolution
		Debug|Any CPU = Debug|Any CPU
		Debug|Mixed Platforms = Debug|Mixed Platforms
		Debug|Win32 = Debug|Win32
		Release|Any CPU = Release|Any CPU
		Release|Mixed Platforms = Release|Mixed Platforms
		Release|Win32 = Release|Win32
	EndGlobalSection
	GlobalSection(ProjectConfigurationPlatforms) = postSolution
		{E0C446E0-7934-47AD-BA7A-F174CCE163FE}.Debug|Any CPU.ActiveCfg = Release|Any CPU
		{E0C446E0-7934-47AD-BA7A-F174CCE163FE}.Debug|Any CPU.Build.0 = Release|Any CPU
		{E0C446E0-7934-47AD-BA7A-F174CCE163FE}.Debug|Mixed Platforms.ActiveCfg = Release|Any CPU
		{E0C446E0-7934-47AD-BA7A-F174CCE163FE}.Debug|Mixed Platforms.Build.0 = Release|Any CPU
		{E0C446E0-7934-47AD-BA7A-F174CCE163FE}.Debug|Win32.ActiveCfg = Release|Any CPU
		{E0C446E0-7934-47AD-BA7A-F174CCE163FE}.Release|Any CPU.ActiveCfg = Release|Any CPU
		{E0C446E0-7934-47AD-BA7A-F174CCE163FE}.Release|Any CPU.Build.0 = Release|Any CPU
		{E0C446E0-7934-47AD-BA7A-F174CCE163FE}.Release|Mixed Platforms.ActiveCfg = Release|Any CPU
		{E0C446E0-7934-47AD-BA7A-F174CCE163FE}.Release|Mixed Platforms.Build.0 = Release|Any CPU
		{E0C446E0-7934-47AD-BA7A-F174CCE163FE}.Release|Win32.ActiveCfg = Release|Any CPU
		{0ED2CE46-6202-42E6-ACAA-E2D4CF70BE4C}.Debug|Any CPU.ActiveCfg = Release|Any CPU
		{0ED2CE46-6202-42E6-ACAA-E2D4CF70BE4C}.Debug|Any CPU.Build.0 = Release|Any CPU
		{0ED2CE46-6202-42E6-ACAA-E2D4CF70BE4C}.Debug|Mixed Platforms.ActiveCfg = Release|Any CPU
		{0ED2CE46-6202-42E6-ACAA-E2D4CF70BE4C}.Debug|Mixed Platforms.Build.0 = Release|Any CPU
		{0ED2CE46-6202-42E6-ACAA-E2D4CF70BE4C}.Debug|Win32.ActiveCfg = Release|Any CPU
		{0ED2CE46-6202-42E6-ACAA-E2D4CF70BE4C}.Release|Any CPU.ActiveCfg = Release|Any CPU
		{0ED2CE46-6202-42E6-ACAA-E2D4CF70BE4C}.Release|Any CPU.Build.0 = Release|Any CPU
		{0ED2CE46-6202-42E6-ACAA-E2D4CF70BE4C}.Release|Mixed Platforms.ActiveCfg = Release|Any CPU
		{0ED2CE46-6202-42E6-ACAA-E2D4CF70BE4C}.Release|Mixed Platforms.Build.0 = Release|Any CPU
		{0ED2CE46-6202-42E6-ACAA-E2D4CF70BE4C}.Release|Win32.ActiveCfg = Release|Any CPU
		{181B218F-B588-41B8-AD0C-BA231A859272}.Debug|Any CPU.ActiveCfg = Release|Any CPU
		{181B218F-B588-41B8-AD0C-BA231A859272}.Debug|Any CPU.Build.0 = Release|Any CPU
		{181B218F-B588-41B8-AD0C-BA231A859272}.Debug|Mixed Platforms.ActiveCfg = Release|Any CPU
		{181B218F-B588-41B8-AD0C-BA231A859272}.Debug|Mixed Platforms.Build.0 = Release|Any CPU
		{181B218F-B588-41B8-AD0C-BA231A859272}.Debug|Win32.ActiveCfg = Release|Any CPU
		{181B218F-B588-41B8-AD0C-BA231A859272}.Release|Any CPU.ActiveCfg = Release|Any CPU
		{181B218F-B588-41B8-AD0C-BA231A859272}.Release|Any CPU.Build.0 = Release|Any CPU
		{181B218F-B588-41B8-AD0C-BA231A859272}.Release|Mixed Platforms.ActiveCfg = Release|Any CPU
		{181B218F-B588-41B8-AD0C-BA231A859272}.Release|Mixed Platforms.Build.0 = Release|Any CPU
		{181B218F-B588-41B8-AD0C-BA231A859272}.Release|Win32.ActiveCfg = Release|Any CPU
		{7CB7DBC3-3007-422C-827F-E116A9CCD64D}.Debug|Any CPU.ActiveCfg = Release|Any CPU
		{7CB7DBC3-3007-422C-827F-E116A9CCD64D}.Debug|Any CPU.Build.0 = Release|Any CPU
		{7CB7DBC3-3007-422C-827F-E116A9CCD64D}.Debug|Mixed Platforms.ActiveCfg = Release|Any CPU
		{7CB7DBC3-3007-422C-827F-E116A9CCD64D}.Debug|Mixed Platforms.Build.0 = Release|Any CPU
		{7CB7DBC3-3007-422C-827F-E116A9CCD64D}.Debug|Win32.ActiveCfg = Release|Any CPU
		{7CB7DBC3-3007-422C-827F-E116A9CCD64D}.Release|Any CPU.ActiveCfg = Release|Any CPU
		{7CB7DBC3-3007-422C-827F-E116A9CCD64D}.Release|Any CPU.Build.0 = Release|Any CPU
		{7CB7DBC3-3007-422C-827F-E116A9CCD64D}.Release|Mixed Platforms.ActiveCfg = Release|Any CPU
		{7CB7DBC3-3007-422C-827F-E116A9CCD64D}.Release|Mixed Platforms.Build.0 = Release|Any CPU
		{7CB7DBC3-3007-422C-827F-E116A9CCD64D}.Release|Win32.ActiveCfg = Release|Any CPU
		{0D273B69-2D6F-4ED7-B709-E6BCFB16FCDA}.Debug|Any CPU.ActiveCfg = Debug|Any CPU
		{0D273B69-2D6F-4ED7-B709-E6BCFB16FCDA}.Debug|Any CPU.Build.0 = Debug|Any CPU
		{0D273B69-2D6F-4ED7-B709-E6BCFB16FCDA}.Debug|Mixed Platforms.ActiveCfg = Debug|Any CPU
		{0D273B69-2D6F-4ED7-B709-E6BCFB16FCDA}.Debug|Mixed Platforms.Build.0 = Debug|Any CPU
		{0D273B69-2D6F-4ED7-B709-E6BCFB16FCDA}.Debug|Win32.ActiveCfg = Debug|Any CPU
		{0D273B69-2D6F-4ED7-B709-E6BCFB16FCDA}.Release|Any CPU.ActiveCfg = Release|Any CPU
		{0D273B69-2D6F-4ED7-B709-E6BCFB16FCDA}.Release|Any CPU.Build.0 = Release|Any CPU
		{0D273B69-2D6F-4ED7-B709-E6BCFB16FCDA}.Release|Mixed Platforms.ActiveCfg = Release|Any CPU
		{0D273B69-2D6F-4ED7-B709-E6BCFB16FCDA}.Release|Mixed Platforms.Build.0 = Release|Any CPU
		{0D273B69-2D6F-4ED7-B709-E6BCFB16FCDA}.Release|Win32.ActiveCfg = Release|Any CPU
		{4E0B9549-78F6-47C1-84D7-68F314CD796D}.Debug|Any CPU.ActiveCfg = Debug|Any CPU
		{4E0B9549-78F6-47C1-84D7-68F314CD796D}.Debug|Any CPU.Build.0 = Debug|Any CPU
		{4E0B9549-78F6-47C1-84D7-68F314CD796D}.Debug|Mixed Platforms.ActiveCfg = Debug|Any CPU
		{4E0B9549-78F6-47C1-84D7-68F314CD796D}.Debug|Mixed Platforms.Build.0 = Debug|Any CPU
		{4E0B9549-78F6-47C1-84D7-68F314CD796D}.Debug|Win32.ActiveCfg = Debug|Any CPU
		{4E0B9549-78F6-47C1-84D7-68F314CD796D}.Release|Any CPU.ActiveCfg = Release|Any CPU
		{4E0B9549-78F6-47C1-84D7-68F314CD796D}.Release|Any CPU.Build.0 = Release|Any CPU
		{4E0B9549-78F6-47C1-84D7-68F314CD796D}.Release|Mixed Platforms.ActiveCfg = Release|Any CPU
		{4E0B9549-78F6-47C1-84D7-68F314CD796D}.Release|Mixed Platforms.Build.0 = Release|Any CPU
		{4E0B9549-78F6-47C1-84D7-68F314CD796D}.Release|Win32.ActiveCfg = Release|Any CPU
		{016FEBF6-9D0E-4720-8A36-BA410F451692}.Debug|Any CPU.ActiveCfg = Debug|Any CPU
		{016FEBF6-9D0E-4720-8A36-BA410F451692}.Debug|Any CPU.Build.0 = Debug|Any CPU
		{016FEBF6-9D0E-4720-8A36-BA410F451692}.Debug|Mixed Platforms.ActiveCfg = Debug|Any CPU
		{016FEBF6-9D0E-4720-8A36-BA410F451692}.Debug|Mixed Platforms.Build.0 = Debug|Any CPU
		{016FEBF6-9D0E-4720-8A36-BA410F451692}.Debug|Win32.ActiveCfg = Debug|Any CPU
		{016FEBF6-9D0E-4720-8A36-BA410F451692}.Release|Any CPU.ActiveCfg = Release|Any CPU
		{016FEBF6-9D0E-4720-8A36-BA410F451692}.Release|Any CPU.Build.0 = Release|Any CPU
		{016FEBF6-9D0E-4720-8A36-BA410F451692}.Release|Mixed Platforms.ActiveCfg = Release|Any CPU
		{016FEBF6-9D0E-4720-8A36-BA410F451692}.Release|Mixed Platforms.Build.0 = Release|Any CPU
		{016FEBF6-9D0E-4720-8A36-BA410F451692}.Release|Win32.ActiveCfg = Release|Any CPU
		{A7247902-EAAB-4AEE-945E-8CC9FC2B14C7}.Debug|Any CPU.ActiveCfg = Debug|Any CPU
		{A7247902-EAAB-4AEE-945E-8CC9FC2B14C7}.Debug|Any CPU.Build.0 = Debug|Any CPU
		{A7247902-EAAB-4AEE-945E-8CC9FC2B14C7}.Debug|Mixed Platforms.ActiveCfg = Debug|Any CPU
		{A7247902-EAAB-4AEE-945E-8CC9FC2B14C7}.Debug|Mixed Platforms.Build.0 = Debug|Any CPU
		{A7247902-EAAB-4AEE-945E-8CC9FC2B14C7}.Debug|Win32.ActiveCfg = Debug|Any CPU
		{A7247902-EAAB-4AEE-945E-8CC9FC2B14C7}.Release|Any CPU.ActiveCfg = Release|Any CPU
		{A7247902-EAAB-4AEE-945E-8CC9FC2B14C7}.Release|Any CPU.Build.0 = Release|Any CPU
		{A7247902-EAAB-4AEE-945E-8CC9FC2B14C7}.Release|Mixed Platforms.ActiveCfg = Release|Any CPU
		{A7247902-EAAB-4AEE-945E-8CC9FC2B14C7}.Release|Mixed Platforms.Build.0 = Release|Any CPU
		{A7247902-EAAB-4AEE-945E-8CC9FC2B14C7}.Release|Win32.ActiveCfg = Release|Any CPU
		{5759207A-C3ED-49DB-9489-AA4385424FCE}.Debug|Any CPU.ActiveCfg = Debug|Any CPU
		{5759207A-C3ED-49DB-9489-AA4385424FCE}.Debug|Any CPU.Build.0 = Debug|Any CPU
		{5759207A-C3ED-49DB-9489-AA4385424FCE}.Debug|Mixed Platforms.ActiveCfg = Debug|Any CPU
		{5759207A-C3ED-49DB-9489-AA4385424FCE}.Debug|Mixed Platforms.Build.0 = Debug|Any CPU
		{5759207A-C3ED-49DB-9489-AA4385424FCE}.Debug|Win32.ActiveCfg = Debug|Any CPU
		{5759207A-C3ED-49DB-9489-AA4385424FCE}.Release|Any CPU.ActiveCfg = Release|Any CPU
		{5759207A-C3ED-49DB-9489-AA4385424FCE}.Release|Any CPU.Build.0 = Release|Any CPU
		{5759207A-C3ED-49DB-9489-AA4385424FCE}.Release|Mixed Platforms.ActiveCfg = Release|Any CPU
		{5759207A-C3ED-49DB-9489-AA4385424FCE}.Release|Mixed Platforms.Build.0 = Release|Any CPU
		{5759207A-C3ED-49DB-9489-AA4385424FCE}.Release|Win32.ActiveCfg = Release|Any CPU
	EndGlobalSection
	GlobalSection(SolutionProperties) = preSolution
		HideSolutionNode = FALSE
	EndGlobalSection
EndGlobal
